{
  "nodes": {
    "agenix": {
      "inputs": {
        "darwin": "darwin",
        "home-manager": "home-manager",
        "nixpkgs": [
          "nixpkgs"
        ],
        "systems": "systems"
      },
      "locked": {
        "lastModified": 1750173260,
        "narHash": "sha256-9P1FziAwl5+3edkfFcr5HeGtQUtrSdk/MksX39GieoA=",
        "owner": "ryantm",
        "repo": "agenix",
        "rev": "531beac616433bac6f9e2a19feb8e99a22a66baf",
        "type": "github"
      },
      "original": {
        "owner": "ryantm",
        "repo": "agenix",
        "type": "github"
      }
    },
    "darwin": {
      "inputs": {
        "nixpkgs": [
          "agenix",
          "nixpkgs"
        ]
      },
      "locked": {
        "lastModified": 1744478979,
        "narHash": "sha256-dyN+teG9G82G+m+PX/aSAagkC+vUv0SgUw3XkPhQodQ=",
        "owner": "lnl7",
        "repo": "nix-darwin",
        "rev": "43975d782b418ebf4969e9ccba82466728c2851b",
        "type": "github"
      },
      "original": {
        "owner": "lnl7",
        "ref": "master",
        "repo": "nix-darwin",
        "type": "github"
      }
    },
    "deploy-rs": {
      "inputs": {
        "flake-compat": "flake-compat",
        "nixpkgs": [
          "nixpkgs"
        ],
        "utils": "utils"
      },
      "locked": {
        "lastModified": 1749105467,
        "narHash": "sha256-hXh76y/wDl15almBcqvjryB50B0BaiXJKk20f314RoE=",
        "owner": "serokell",
        "repo": "deploy-rs",
        "rev": "6bc76b872374845ba9d645a2f012b764fecd765f",
        "type": "github"
      },
      "original": {
        "owner": "serokell",
        "repo": "deploy-rs",
        "type": "github"
      }
    },
    "docker-tag-passbolt": {
      "locked": {
        "lastModified": 1749751243,
        "narHash": "sha256-gvDXIPygT72oXbInBoOMWaczrDKDbrdzK4fcag23RxE=",
        "owner": "fsim-ev",
        "repo": "docker_tag_flake",
        "rev": "50d9631cfa8c7dec0a4bba7ee5eda210b19257ed",
        "type": "github"
      },
      "original": {
        "owner": "fsim-ev",
        "ref": "passbolt/passbolt",
        "repo": "docker_tag_flake",
        "type": "github"
      }
    },
    "docker-tag-zulip": {
      "locked": {
        "lastModified": 1747353641,
        "narHash": "sha256-bciaPZI8q4pA+Ej/CJWq0hOOJUnMs5HO+tYl4CduqqU=",
        "owner": "fsim-ev",
        "repo": "docker_tag_flake",
        "rev": "ca7b8589cba24300af4e0b72c613baf148e4857e",
        "type": "github"
      },
      "original": {
        "owner": "fsim-ev",
        "ref": "zulip/docker-zulip",
        "repo": "docker_tag_flake",
        "type": "github"
      }
    },
    "flake-compat": {
      "flake": false,
      "locked": {
        "lastModified": 1733328505,
        "narHash": "sha256-NeCCThCEP3eCl2l/+27kNNK7QrwZB1IJCrXfrbv5oqU=",
        "owner": "edolstra",
        "repo": "flake-compat",
        "rev": "ff81ac966bb2cae68946d5ed5fc4994f96d0ffec",
        "type": "github"
      },
      "original": {
        "owner": "edolstra",
        "repo": "flake-compat",
        "type": "github"
      }
    },
    "home-manager": {
      "inputs": {
        "nixpkgs": [
          "agenix",
          "nixpkgs"
        ]
      },
      "locked": {
        "lastModified": 1745494811,
        "narHash": "sha256-YZCh2o9Ua1n9uCvrvi5pRxtuVNml8X2a03qIFfRKpFs=",
        "owner": "nix-community",
        "repo": "home-manager",
        "rev": "abfad3d2958c9e6300a883bd443512c55dfeb1be",
        "type": "github"
      },
      "original": {
        "owner": "nix-community",
        "repo": "home-manager",
        "type": "github"
      }
    },
    "nixpkgs": {
      "locked": {
        "lastModified": 1751792365,
        "narHash": "sha256-J1kI6oAj25IG4EdVlg2hQz8NZTBNYvIS0l4wpr9KcUo=",
        "owner": "nixos",
        "repo": "nixpkgs",
        "rev": "1fd8bada0b6117e6c7eb54aad5813023eed37ccb",
        "type": "github"
      },
      "original": {
        "owner": "nixos",
        "ref": "nixos-unstable",
        "repo": "nixpkgs",
        "type": "github"
      }
    },
    "papermod-theme": {
      "flake": false,
      "locked": {
        "lastModified": 1745872246,
        "narHash": "sha256-9B1/0sFOnVBs5NW9Lqp6/MyQ4IJhK2Xy2VnstLpiKzQ=",
        "owner": "haennes",
        "repo": "hugo-PaperMod",
        "rev": "7e5a746bff95c25be409ca118f9c11304cc5394c",
        "type": "github"
      },
      "original": {
        "owner": "haennes",
        "repo": "hugo-PaperMod",
        "type": "github"
      }
    },
    "root": {
      "inputs": {
        "agenix": "agenix",
        "deploy-rs": "deploy-rs",
        "docker-tag-passbolt": "docker-tag-passbolt",
        "docker-tag-zulip": "docker-tag-zulip",
        "nixpkgs": "nixpkgs",
        "stable-nix": "stable-nix",
        "strichliste": "strichliste",
        "website": "website"
      }
    },
    "stable-nix": {
      "locked": {
        "lastModified": 1751741127,
        "narHash": "sha256-t75Shs76NgxjZSgvvZZ9qOmz5zuBE8buUaYD28BMTxg=",
        "owner": "nixos",
        "repo": "nixpkgs",
        "rev": "29e290002bfff26af1db6f64d070698019460302",
        "type": "github"
      },
      "original": {
        "owner": "nixos",
        "ref": "nixos-25.05",
        "repo": "nixpkgs",
        "type": "github"
      }
    },
    "strichliste": {
      "inputs": {
        "nixpkgs": [
          "nixpkgs"
        ]
      },
      "locked": {
        "lastModified": 1751405493,
        "narHash": "sha256-iX2mkdjbyJ17HC8Vto2dB2HxgOB4T3oIU+OJomq//Pw=",
        "owner": "haennes",
        "repo": "nix-strichliste",
        "rev": "4a36b2093be1d73ccf4a07b117942b1b2bc75a10",
        "type": "github"
      },
      "original": {
        "owner": "haennes",
        "repo": "nix-strichliste",
        "type": "github"
      }
    },
    "systems": {
      "locked": {
        "lastModified": 1681028828,
        "narHash": "sha256-Vy1rq5AaRuLzOxct8nz4T6wlgyUR7zLU309k9mBC768=",
        "owner": "nix-systems",
        "repo": "default",
        "rev": "da67096a3b9bf56a91d16901293e51ba5b49a27e",
        "type": "github"
      },
      "original": {
        "owner": "nix-systems",
        "repo": "default",
        "type": "github"
      }
    },
    "systems_2": {
      "locked": {
        "lastModified": 1681028828,
        "narHash": "sha256-Vy1rq5AaRuLzOxct8nz4T6wlgyUR7zLU309k9mBC768=",
        "owner": "nix-systems",
        "repo": "default",
        "rev": "da67096a3b9bf56a91d16901293e51ba5b49a27e",
        "type": "github"
      },
      "original": {
        "owner": "nix-systems",
        "repo": "default",
        "type": "github"
      }
    },
    "utils": {
      "inputs": {
        "systems": "systems_2"
      },
      "locked": {
        "lastModified": 1731533236,
        "narHash": "sha256-l0KFg5HjrsfsO/JpG+r7fRrqm12kzFHyUHqHCVpMMbI=",
        "owner": "numtide",
        "repo": "flake-utils",
        "rev": "11707dc2f618dd54ca8739b309ec4fc024de578b",
        "type": "github"
      },
      "original": {
        "owner": "numtide",
        "repo": "flake-utils",
        "type": "github"
      }
    },
    "website": {
      "inputs": {
        "nixpkgs": [
          "nixpkgs"
        ],
        "papermod-theme": "papermod-theme"
      },
      "locked": {
        "lastModified": 1752765398,
        "narHash": "sha256-vOnB4qqqSjr5IXegGUjex0nFpw4qQG+wAR6y1JvbpHU=",
        "owner": "fsim-ev",
        "repo": "website",
        "rev": "35618bdc9b1cd8299cebb9d3db0729fa9b48b8b3",
        "type": "github"
      },
      "original": {
        "owner": "fsim-ev",
        "repo": "website",
        "type": "github"
      }
    }
  },
  "root": "root",
  "version": 7
}
