{
  "nodes": {
    "agenix": {
      "inputs": {
        "darwin": "darwin",
        "home-manager": "home-manager",
        "nixpkgs": [
          "nixpkgs"
        ],
        "systems": "systems"
      },
      "locked": {
        "lastModified": 1750173260,
        "narHash": "sha256-9P1FziAwl5+3edkfFcr5HeGtQUtrSdk/MksX39GieoA=",
        "owner": "ryantm",
        "repo": "agenix",
        "rev": "531beac616433bac6f9e2a19feb8e99a22a66baf",
        "type": "github"
      },
      "original": {
        "owner": "ryantm",
        "repo": "agenix",
        "type": "github"
      }
    },
    "darwin": {
      "inputs": {
        "nixpkgs": [
          "agenix",
          "nixpkgs"
        ]
      },
      "locked": {
        "lastModified": 1744478979,
        "narHash": "sha256-dyN+teG9G82G+m+PX/aSAagkC+vUv0SgUw3XkPhQodQ=",
        "owner": "lnl7",
        "repo": "nix-darwin",
        "rev": "43975d782b418ebf4969e9ccba82466728c2851b",
        "type": "github"
      },
      "original": {
        "owner": "lnl7",
        "ref": "master",
        "repo": "nix-darwin",
        "type": "github"
      }
    },
    "docker-tag-passbolt": {
      "locked": {
        "lastModified": 1749751243,
        "narHash": "sha256-gvDXIPygT72oXbInBoOMWaczrDKDbrdzK4fcag23RxE=",
        "owner": "fsim-ev",
        "repo": "docker_tag_flake",
        "rev": "50d9631cfa8c7dec0a4bba7ee5eda210b19257ed",
        "type": "github"
      },
      "original": {
        "owner": "fsim-ev",
        "ref": "passbolt/passbolt",
        "repo": "docker_tag_flake",
        "type": "github"
      }
    },
    "docker-tag-zulip": {
      "locked": {
        "lastModified": 1747353641,
        "narHash": "sha256-bciaPZI8q4pA+Ej/CJWq0hOOJUnMs5HO+tYl4CduqqU=",
        "owner": "fsim-ev",
        "repo": "docker_tag_flake",
        "rev": "ca7b8589cba24300af4e0b72c613baf148e4857e",
        "type": "github"
      },
      "original": {
        "owner": "fsim-ev",
        "ref": "zulip/docker-zulip",
        "repo": "docker_tag_flake",
        "type": "github"
      }
    },
    "home-manager": {
      "inputs": {
        "nixpkgs": [
          "agenix",
          "nixpkgs"
        ]
      },
      "locked": {
        "lastModified": 1745494811,
        "narHash": "sha256-YZCh2o9Ua1n9uCvrvi5pRxtuVNml8X2a03qIFfRKpFs=",
        "owner": "nix-community",
        "repo": "home-manager",
        "rev": "abfad3d2958c9e6300a883bd443512c55dfeb1be",
        "type": "github"
      },
      "original": {
        "owner": "nix-community",
        "repo": "home-manager",
        "type": "github"
      }
    },
    "nixpkgs": {
      "locked": {
        "lastModified": 1751271578,
        "narHash": "sha256-P/SQmKDu06x8yv7i0s8bvnnuJYkxVGBWLWHaU+tt4YY=",
        "owner": "nixos",
        "repo": "nixpkgs",
        "rev": "3016b4b15d13f3089db8a41ef937b13a9e33a8df",
        "type": "github"
      },
      "original": {
        "owner": "nixos",
        "ref": "nixos-unstable",
        "repo": "nixpkgs",
        "type": "github"
      }
    },
    "papermod-theme": {
      "flake": false,
      "locked": {
        "lastModified": 1745872246,
        "narHash": "sha256-9B1/0sFOnVBs5NW9Lqp6/MyQ4IJhK2Xy2VnstLpiKzQ=",
        "owner": "haennes",
        "repo": "hugo-PaperMod",
        "rev": "7e5a746bff95c25be409ca118f9c11304cc5394c",
        "type": "github"
      },
      "original": {
        "owner": "haennes",
        "repo": "hugo-PaperMod",
        "type": "github"
      }
    },
    "root": {
      "inputs": {
        "agenix": "agenix",
        "docker-tag-passbolt": "docker-tag-passbolt",
        "docker-tag-zulip": "docker-tag-zulip",
        "nixpkgs": "nixpkgs",
        "stable-nix": "stable-nix",
        "strichliste": "strichliste",
        "website": "website"
      }
    },
    "stable-nix": {
      "locked": {
        "lastModified": 1751211869,
        "narHash": "sha256-1Cu92i1KSPbhPCKxoiVG5qnoRiKTgR5CcGSRyLpOd7Y=",
        "owner": "nixos",
        "repo": "nixpkgs",
        "rev": "b43c397f6c213918d6cfe6e3550abfe79b5d1c51",
        "type": "github"
      },
      "original": {
        "owner": "nixos",
        "ref": "nixos-25.05",
        "repo": "nixpkgs",
        "type": "github"
      }
    },
    "strichliste": {
      "inputs": {
        "nixpkgs": [
          "nixpkgs"
        ]
      },
      "locked": {
        "lastModified": 1751405493,
        "narHash": "sha256-iX2mkdjbyJ17HC8Vto2dB2HxgOB4T3oIU+OJomq//Pw=",
        "owner": "haennes",
        "repo": "nix-strichliste",
        "rev": "4a36b2093be1d73ccf4a07b117942b1b2bc75a10",
        "type": "github"
      },
      "original": {
        "owner": "haennes",
        "repo": "nix-strichliste",
        "type": "github"
      }
    },
    "systems": {
      "locked": {
        "lastModified": 1681028828,
        "narHash": "sha256-Vy1rq5AaRuLzOxct8nz4T6wlgyUR7zLU309k9mBC768=",
        "owner": "nix-systems",
        "repo": "default",
        "rev": "da67096a3b9bf56a91d16901293e51ba5b49a27e",
        "type": "github"
      },
      "original": {
        "owner": "nix-systems",
        "repo": "default",
        "type": "github"
      }
    },
    "website": {
      "inputs": {
        "nixpkgs": [
          "nixpkgs"
        ],
        "papermod-theme": "papermod-theme"
      },
      "locked": {
        "lastModified": 1750710346,
        "narHash": "sha256-roaWmEoSt/CwhUruoWkKB6K27lf6GbtfT7puNU0lrDk=",
        "owner": "fsim-ev",
        "repo": "website",
        "rev": "364dc6322b4f5757a625b1dc32a4c47912bdd1f0",
        "type": "github"
      },
      "original": {
        "owner": "fsim-ev",
        "repo": "website",
        "type": "github"
      }
    }
  },
  "root": "root",
  "version": 7
}
